
Microsoft Visual Studio Solution File, Format Version 12.00
# Visual Studio Version 16
VisualStudioVersion = 16.0.31313.79
MinimumVisualStudioVersion = 10.0.40219.1
Project("{FAE04EC0-301F-11D3-BF4B-00C04F79EFBC}") = "Finanzas I", "Finanzas I\Finanzas I.csproj", "{E4400098-7B4F-4B80-9CE1-7E281029B373}"
EndProject
Global
	GlobalSection(SolutionConfigurationPlatforms) = preSolution
		Debug|Any CPU = Debug|Any CPU
		Release|Any CPU = Release|Any CPU
	EndGlobalSection
	GlobalSection(ProjectConfigurationPlatforms) = postSolution
		{E4400098-7B4F-4B80-9CE1-7E281029B373}.Debug|Any CPU.ActiveCfg = Debug|Any CPU
		{E4400098-7B4F-4B80-9CE1-7E281029B373}.Debug|Any CPU.Build.0 = Debug|Any CPU
		{E4400098-7B4F-4B80-9CE1-7E281029B373}.Release|Any CPU.ActiveCfg = Release|Any CPU
		{E4400098-7B4F-4B80-9CE1-7E281029B373}.Release|Any CPU.Build.0 = Release|Any CPU
	EndGlobalSection
	GlobalSection(SolutionProperties) = preSolution
		HideSolutionNode = FALSE
	EndGlobalSection
	GlobalSection(ExtensibilityGlobals) = postSolution
		SolutionGuid = {1B95CE20-E219-4069-948F-7C598F5F576E}
	EndGlobalSection
EndGlobal
